// !$*UTF8*$!
{
	archiveVersion = 1;
	classes = {
	};
	objectVersion = 56;
	objects = {

/* Begin PBXBuildFile section */
		830BFA7C2C74EBF40017A600 /* compose-resources in Resources */ = {isa = PBXBuildFile; fileRef = 830BFA7B2C74EBF40017A600 /* compose-resources */; };
		8C31F46B2BF6909A003F1BBA /* GoogleService-Info.plist in Resources */ = {isa = PBXBuildFile; fileRef = 8C31F46A2BF6909A003F1BBA /* GoogleService-Info.plist */; };
		8C7074772C7791BD00FD4F39 /* ci_post_clone.sh in Resources */ = {isa = PBXBuildFile; fileRef = 8C7074762C7791BD00FD4F39 /* ci_post_clone.sh */; };
		8C7074792C7791DF00FD4F39 /* ci_pre_xcodebuild.sh in Resources */ = {isa = PBXBuildFile; fileRef = 8C7074782C7791DF00FD4F39 /* ci_pre_xcodebuild.sh */; };
		8C7DACB72BCBCCB0002C298A /* Preview Assets.xcassets in Resources */ = {isa = PBXBuildFile; fileRef = 8C7DACB02BCBCCB0002C298A /* Preview Assets.xcassets */; };
		8C7DACB82BCBCCB0002C298A /* App.swift in Sources */ = {isa = PBXBuildFile; fileRef = 8C7DACB22BCBCCB0002C298A /* App.swift */; };
		8C7DACB92BCBCCB0002C298A /* Assets.xcassets in Resources */ = {isa = PBXBuildFile; fileRef = 8C7DACB32BCBCCB0002C298A /* Assets.xcassets */; };
		8C7DACC52BCBD18A002C298A /* App in Frameworks */ = {isa = PBXBuildFile; productRef = 8C7DACC42BCBD18A002C298A /* App */; };
/* End PBXBuildFile section */

/* Begin PBXFileReference section */
		830BFA7B2C74EBF40017A600 /* compose-resources */ = {isa = PBXFileReference; lastKnownFileType = folder; name = "compose-resources"; path = "../../app-ios-shared/build/kotlin-multiplatform-resources/aggregated-resources/iosSimulatorArm64/compose-resources"; sourceTree = "<group>"; };
		8C31F46A2BF6909A003F1BBA /* GoogleService-Info.plist */ = {isa = PBXFileReference; fileEncoding = 4; lastKnownFileType = text.plist.xml; path = "GoogleService-Info.plist"; sourceTree = "<group>"; };
		8C7074762C7791BD00FD4F39 /* ci_post_clone.sh */ = {isa = PBXFileReference; lastKnownFileType = text.script.sh; path = ci_post_clone.sh; sourceTree = "<group>"; };
		8C7074782C7791DF00FD4F39 /* ci_pre_xcodebuild.sh */ = {isa = PBXFileReference; lastKnownFileType = text.script.sh; path = ci_pre_xcodebuild.sh; sourceTree = "<group>"; };
		8C772B152BCBCBCA00F2BADC /* DroidKaigi2024App.app */ = {isa = PBXFileReference; explicitFileType = wrapper.application; includeInIndex = 0; path = DroidKaigi2024App.app; sourceTree = BUILT_PRODUCTS_DIR; };
		8C7DACB02BCBCCB0002C298A /* Preview Assets.xcassets */ = {isa = PBXFileReference; lastKnownFileType = folder.assetcatalog; path = "Preview Assets.xcassets"; sourceTree = "<group>"; };
		8C7DACB22BCBCCB0002C298A /* App.swift */ = {isa = PBXFileReference; fileEncoding = 4; lastKnownFileType = sourcecode.swift; path = App.swift; sourceTree = "<group>"; };
		8C7DACB32BCBCCB0002C298A /* Assets.xcassets */ = {isa = PBXFileReference; lastKnownFileType = folder.assetcatalog; path = Assets.xcassets; sourceTree = "<group>"; };
		8C7DACB52BCBCCB0002C298A /* App.entitlements */ = {isa = PBXFileReference; fileEncoding = 4; lastKnownFileType = text.plist.entitlements; path = App.entitlements; sourceTree = "<group>"; };
		8C7DACBB2BCBCDA0002C298A /* PrivacyInfo.xcprivacy */ = {isa = PBXFileReference; lastKnownFileType = text.xml; path = PrivacyInfo.xcprivacy; sourceTree = "<group>"; };
		8C7DACC12BCBD0F1002C298A /* app-ios */ = {isa = PBXFileReference; lastKnownFileType = wrapper; name = "app-ios"; path = ..; sourceTree = "<group>"; };
		C412816C2C149FB500B458D1 /* DroidKaigi2024App-Info.plist */ = {isa = PBXFileReference; lastKnownFileType = text.plist; path = "DroidKaigi2024App-Info.plist"; sourceTree = "<group>"; };
		C495D60A2C075130003B324E /* App.xctestplan */ = {isa = PBXFileReference; lastKnownFileType = text; path = App.xctestplan; sourceTree = "<group>"; };
/* End PBXFileReference section */

/* Begin PBXFrameworksBuildPhase section */
		8C772B122BCBCBCA00F2BADC /* Frameworks */ = {
			isa = PBXFrameworksBuildPhase;
			buildActionMask = 2147483647;
			files = (
				8C7DACC52BCBD18A002C298A /* App in Frameworks */,
			);
			runOnlyForDeploymentPostprocessing = 0;
		};
/* End PBXFrameworksBuildPhase section */

/* Begin PBXGroup section */
		8C7074752C77919300FD4F39 /* ci_scripts */ = {
			isa = PBXGroup;
			children = (
				8C7074762C7791BD00FD4F39 /* ci_post_clone.sh */,
				8C7074782C7791DF00FD4F39 /* ci_pre_xcodebuild.sh */,
			);
			path = ci_scripts;
			sourceTree = "<group>";
		};
		8C772B0C2BCBCBCA00F2BADC = {
			isa = PBXGroup;
			children = (
				8C7074752C77919300FD4F39 /* ci_scripts */,
				830BFA7B2C74EBF40017A600 /* compose-resources */,
				C412816C2C149FB500B458D1 /* DroidKaigi2024App-Info.plist */,
				8C7DACC22BCBD111002C298A /* App */,
				8C7DACC12BCBD0F1002C298A /* app-ios */,
				8C772B162BCBCBCA00F2BADC /* Products */,
				8C7DACC32BCBD18A002C298A /* Frameworks */,
			);
			sourceTree = "<group>";
		};
		8C772B162BCBCBCA00F2BADC /* Products */ = {
			isa = PBXGroup;
			children = (
				8C772B152BCBCBCA00F2BADC /* DroidKaigi2024App.app */,
			);
			name = Products;
			sourceTree = "<group>";
		};
		8C7DACB12BCBCCB0002C298A /* Preview Content */ = {
			isa = PBXGroup;
			children = (
				8C7DACB02BCBCCB0002C298A /* Preview Assets.xcassets */,
			);
			path = "Preview Content";
			sourceTree = "<group>";
		};
		8C7DACC22BCBD111002C298A /* App */ = {
			isa = PBXGroup;
			children = (
				C495D60A2C075130003B324E /* App.xctestplan */,
				8C7DACB12BCBCCB0002C298A /* Preview Content */,
				8C7DACB22BCBCCB0002C298A /* App.swift */,
				8C7DACB32BCBCCB0002C298A /* Assets.xcassets */,
				8C7DACB52BCBCCB0002C298A /* App.entitlements */,
				8C31F46A2BF6909A003F1BBA /* GoogleService-Info.plist */,
				8C7DACBB2BCBCDA0002C298A /* PrivacyInfo.xcprivacy */,
			);
			name = App;
			sourceTree = "<group>";
		};
		8C7DACC32BCBD18A002C298A /* Frameworks */ = {
			isa = PBXGroup;
			children = (
			);
			name = Frameworks;
			sourceTree = "<group>";
		};
/* End PBXGroup section */

/* Begin PBXNativeTarget section */
		8C772B142BCBCBCA00F2BADC /* DroidKaigi2024App */ = {
			isa = PBXNativeTarget;
			buildConfigurationList = 8C772B242BCBCBCB00F2BADC /* Build configuration list for PBXNativeTarget "DroidKaigi2024App" */;
			buildPhases = (
				8C619CE72C405A97003E28A8 /* ShellScript */,
				8C772B112BCBCBCA00F2BADC /* Sources */,
				8C772B122BCBCBCA00F2BADC /* Frameworks */,
				8C772B132BCBCBCA00F2BADC /* Resources */,
			);
			buildRules = (
			);
			dependencies = (
			);
			name = DroidKaigi2024App;
			packageProductDependencies = (
				8C7DACC42BCBD18A002C298A /* App */,
			);
			productName = DroidKaigi2024App;
			productReference = 8C772B152BCBCBCA00F2BADC /* DroidKaigi2024App.app */;
			productType = "com.apple.product-type.application";
		};
/* End PBXNativeTarget section */

/* Begin PBXProject section */
		8C772B0D2BCBCBCA00F2BADC /* Project object */ = {
			isa = PBXProject;
			attributes = {
				BuildIndependentTargetsInParallel = 1;
				LastSwiftUpdateCheck = 1540;
				LastUpgradeCheck = 1530;
				TargetAttributes = {
					8C772B142BCBCBCA00F2BADC = {
						CreatedOnToolsVersion = 15.3;
					};
				};
			};
			buildConfigurationList = 8C772B102BCBCBCA00F2BADC /* Build configuration list for PBXProject "App" */;
			compatibilityVersion = "Xcode 14.0";
			developmentRegion = en;
			hasScannedForEncodings = 0;
			knownRegions = (
				en,
				Base,
			);
			mainGroup = 8C772B0C2BCBCBCA00F2BADC;
			productRefGroup = 8C772B162BCBCBCA00F2BADC /* Products */;
			projectDirPath = "";
			projectRoot = "";
			targets = (
				8C772B142BCBCBCA00F2BADC /* DroidKaigi2024App */,
			);
		};
/* End PBXProject section */

/* Begin PBXResourcesBuildPhase section */
		8C772B132BCBCBCA00F2BADC /* Resources */ = {
			isa = PBXResourcesBuildPhase;
			buildActionMask = 2147483647;
			files = (
				8C7DACB92BCBCCB0002C298A /* Assets.xcassets in Resources */,
				8C7074792C7791DF00FD4F39 /* ci_pre_xcodebuild.sh in Resources */,
				8C7DACB72BCBCCB0002C298A /* Preview Assets.xcassets in Resources */,
				8C31F46B2BF6909A003F1BBA /* GoogleService-Info.plist in Resources */,
				8C7074772C7791BD00FD4F39 /* ci_post_clone.sh in Resources */,
				830BFA7C2C74EBF40017A600 /* compose-resources in Resources */,
			);
			runOnlyForDeploymentPostprocessing = 0;
		};
/* End PBXResourcesBuildPhase section */

/* Begin PBXShellScriptBuildPhase section */
		8C619CE72C405A97003E28A8 /* ShellScript */ = {
			isa = PBXShellScriptBuildPhase;
			alwaysOutOfDate = 1;
			buildActionMask = 2147483647;
			files = (
			);
			inputFileListPaths = (
			);
			inputPaths = (
			);
			outputFileListPaths = (
			);
			outputPaths = (
			);
			runOnlyForDeploymentPostprocessing = 0;
			shellPath = /bin/zsh;
			shellScript = "cd ${SRCROOT}/../..\n\n./gradlew assembleSharedXCFramework --no-configuration-cache\n./gradlew iosSimulatorArm64AggregateResources --no-configuration-cache\n./gradlew iosArm64AggregateResources --no-configuration-cache\n\nSIMULATOR_RESOURCE_DIR=\"./app-ios-shared/build/kotlin-multiplatform-resources/aggregated-resources/iosSimulatorArm64\"\nDEVICE_RESOURCE_DIR=\"./app-ios-shared/build/kotlin-multiplatform-resources/aggregated-resources/iosArm64\"\n\nmkdir -p ${SIMULATOR_RESOURCE_DIR}/composeResources\nmkdir -p ${DEVICE_RESOURCE_DIR}/composeResources\n\nmkdir -p ${SIMULATOR_RESOURCE_DIR}/compose-resources\nmkdir -p ${DEVICE_RESOURCE_DIR}/compose-resources\n\ncp -R ${SIMULATOR_RESOURCE_DIR}/composeResources ${SIMULATOR_RESOURCE_DIR}/compose-resources\ncp -R ${DEVICE_RESOURCE_DIR}/composeResources ${DEVICE_RESOURCE_DIR}/compose-resources\n";
		};
/* End PBXShellScriptBuildPhase section */

/* Begin PBXSourcesBuildPhase section */
		8C772B112BCBCBCA00F2BADC /* Sources */ = {
			isa = PBXSourcesBuildPhase;
			buildActionMask = 2147483647;
			files = (
				8C7DACB82BCBCCB0002C298A /* App.swift in Sources */,
			);
			runOnlyForDeploymentPostprocessing = 0;
		};
/* End PBXSourcesBuildPhase section */

/* Begin XCBuildConfiguration section */
		8C772B222BCBCBCB00F2BADC /* Debug */ = {
			isa = XCBuildConfiguration;
			buildSettings = {
				ALWAYS_SEARCH_USER_PATHS = NO;
				ASSETCATALOG_COMPILER_GENERATE_SWIFT_ASSET_SYMBOL_EXTENSIONS = YES;
				CLANG_ANALYZER_NONNULL = YES;
				CLANG_ANALYZER_NUMBER_OBJECT_CONVERSION = YES_AGGRESSIVE;
				CLANG_CXX_LANGUAGE_STANDARD = "gnu++20";
				CLANG_ENABLE_MODULES = YES;
				CLANG_ENABLE_OBJC_ARC = YES;
				CLANG_ENABLE_OBJC_WEAK = YES;
				CLANG_WARN_BLOCK_CAPTURE_AUTORELEASING = YES;
				CLANG_WARN_BOOL_CONVERSION = YES;
				CLANG_WARN_COMMA = YES;
				CLANG_WARN_CONSTANT_CONVERSION = YES;
				CLANG_WARN_DEPRECATED_OBJC_IMPLEMENTATIONS = YES;
				CLANG_WARN_DIRECT_OBJC_ISA_USAGE = YES_ERROR;
				CLANG_WARN_DOCUMENTATION_COMMENTS = YES;
				CLANG_WARN_EMPTY_BODY = YES;
				CLANG_WARN_ENUM_CONVERSION = YES;
				CLANG_WARN_INFINITE_RECURSION = YES;
				CLANG_WARN_INT_CONVERSION = YES;
				CLANG_WARN_NON_LITERAL_NULL_CONVERSION = YES;
				CLANG_WARN_OBJC_IMPLICIT_RETAIN_SELF = YES;
				CLANG_WARN_OBJC_LITERAL_CONVERSION = YES;
				CLANG_WARN_OBJC_ROOT_CLASS = YES_ERROR;
				CLANG_WARN_QUOTED_INCLUDE_IN_FRAMEWORK_HEADER = YES;
				CLANG_WARN_RANGE_LOOP_ANALYSIS = YES;
				CLANG_WARN_STRICT_PROTOTYPES = YES;
				CLANG_WARN_SUSPICIOUS_MOVE = YES;
				CLANG_WARN_UNGUARDED_AVAILABILITY = YES_AGGRESSIVE;
				CLANG_WARN_UNREACHABLE_CODE = YES;
				CLANG_WARN__DUPLICATE_METHOD_MATCH = YES;
				COPY_PHASE_STRIP = NO;
				DEBUG_INFORMATION_FORMAT = dwarf;
				ENABLE_STRICT_OBJC_MSGSEND = YES;
				ENABLE_TESTABILITY = YES;
				ENABLE_USER_SCRIPT_SANDBOXING = YES;
				GCC_C_LANGUAGE_STANDARD = gnu17;
				GCC_DYNAMIC_NO_PIC = NO;
				GCC_NO_COMMON_BLOCKS = YES;
				GCC_OPTIMIZATION_LEVEL = 0;
				GCC_PREPROCESSOR_DEFINITIONS = (
					"DEBUG=1",
					"$(inherited)",
				);
				GCC_WARN_64_TO_32_BIT_CONVERSION = YES;
				GCC_WARN_ABOUT_RETURN_TYPE = YES_ERROR;
				GCC_WARN_UNDECLARED_SELECTOR = YES;
				GCC_WARN_UNINITIALIZED_AUTOS = YES_AGGRESSIVE;
				GCC_WARN_UNUSED_FUNCTION = YES;
				GCC_WARN_UNUSED_VARIABLE = YES;
				LOCALIZATION_PREFERS_STRING_CATALOGS = YES;
				MTL_ENABLE_DEBUG_INFO = INCLUDE_SOURCE;
				MTL_FAST_MATH = YES;
				ONLY_ACTIVE_ARCH = YES;
				SWIFT_ACTIVE_COMPILATION_CONDITIONS = "DEBUG $(inherited)";
				SWIFT_OPTIMIZATION_LEVEL = "-Onone";
				SWIFT_STRICT_CONCURRENCY = complete;
			};
			name = Debug;
		};
		8C772B232BCBCBCB00F2BADC /* Release */ = {
			isa = XCBuildConfiguration;
			buildSettings = {
				ALWAYS_SEARCH_USER_PATHS = NO;
				ASSETCATALOG_COMPILER_GENERATE_SWIFT_ASSET_SYMBOL_EXTENSIONS = YES;
				CLANG_ANALYZER_NONNULL = YES;
				CLANG_ANALYZER_NUMBER_OBJECT_CONVERSION = YES_AGGRESSIVE;
				CLANG_CXX_LANGUAGE_STANDARD = "gnu++20";
				CLANG_ENABLE_MODULES = YES;
				CLANG_ENABLE_OBJC_ARC = YES;
				CLANG_ENABLE_OBJC_WEAK = YES;
				CLANG_WARN_BLOCK_CAPTURE_AUTORELEASING = YES;
				CLANG_WARN_BOOL_CONVERSION = YES;
				CLANG_WARN_COMMA = YES;
				CLANG_WARN_CONSTANT_CONVERSION = YES;
				CLANG_WARN_DEPRECATED_OBJC_IMPLEMENTATIONS = YES;
				CLANG_WARN_DIRECT_OBJC_ISA_USAGE = YES_ERROR;
				CLANG_WARN_DOCUMENTATION_COMMENTS = YES;
				CLANG_WARN_EMPTY_BODY = YES;
				CLANG_WARN_ENUM_CONVERSION = YES;
				CLANG_WARN_INFINITE_RECURSION = YES;
				CLANG_WARN_INT_CONVERSION = YES;
				CLANG_WARN_NON_LITERAL_NULL_CONVERSION = YES;
				CLANG_WARN_OBJC_IMPLICIT_RETAIN_SELF = YES;
				CLANG_WARN_OBJC_LITERAL_CONVERSION = YES;
				CLANG_WARN_OBJC_ROOT_CLASS = YES_ERROR;
				CLANG_WARN_QUOTED_INCLUDE_IN_FRAMEWORK_HEADER = YES;
				CLANG_WARN_RANGE_LOOP_ANALYSIS = YES;
				CLANG_WARN_STRICT_PROTOTYPES = YES;
				CLANG_WARN_SUSPICIOUS_MOVE = YES;
				CLANG_WARN_UNGUARDED_AVAILABILITY = YES_AGGRESSIVE;
				CLANG_WARN_UNREACHABLE_CODE = YES;
				CLANG_WARN__DUPLICATE_METHOD_MATCH = YES;
				COPY_PHASE_STRIP = NO;
				DEBUG_INFORMATION_FORMAT = "dwarf-with-dsym";
				ENABLE_NS_ASSERTIONS = NO;
				ENABLE_STRICT_OBJC_MSGSEND = YES;
				ENABLE_USER_SCRIPT_SANDBOXING = YES;
				GCC_C_LANGUAGE_STANDARD = gnu17;
				GCC_NO_COMMON_BLOCKS = YES;
				GCC_WARN_64_TO_32_BIT_CONVERSION = YES;
				GCC_WARN_ABOUT_RETURN_TYPE = YES_ERROR;
				GCC_WARN_UNDECLARED_SELECTOR = YES;
				GCC_WARN_UNINITIALIZED_AUTOS = YES_AGGRESSIVE;
				GCC_WARN_UNUSED_FUNCTION = YES;
				GCC_WARN_UNUSED_VARIABLE = YES;
				LOCALIZATION_PREFERS_STRING_CATALOGS = YES;
				MTL_ENABLE_DEBUG_INFO = NO;
				MTL_FAST_MATH = YES;
				SWIFT_COMPILATION_MODE = wholemodule;
				SWIFT_STRICT_CONCURRENCY = complete;
			};
			name = Release;
		};
		8C772B252BCBCBCB00F2BADC /* Debug */ = {
			isa = XCBuildConfiguration;
			buildSettings = {
				ASSETCATALOG_COMPILER_APPICON_NAME = AppIcon;
				ASSETCATALOG_COMPILER_GLOBAL_ACCENT_COLOR_NAME = AccentColor;
				CODE_SIGN_ENTITLEMENTS = App.entitlements;
				CODE_SIGN_STYLE = Automatic;
				CURRENT_PROJECT_VERSION = 1;
				DEVELOPMENT_ASSET_PATHS = "\"Preview Content\"";
				DEVELOPMENT_TEAM = DFY27HWN2G;
				ENABLE_PREVIEWS = YES;
				GENERATE_INFOPLIST_FILE = YES;
				INFOPLIST_FILE = "DroidKaigi2024App-Info.plist";
				"INFOPLIST_KEY_UIApplicationSceneManifest_Generation[sdk=iphoneos*]" = YES;
				"INFOPLIST_KEY_UIApplicationSceneManifest_Generation[sdk=iphonesimulator*]" = YES;
				"INFOPLIST_KEY_UIApplicationSupportsIndirectInputEvents[sdk=iphoneos*]" = YES;
				"INFOPLIST_KEY_UIApplicationSupportsIndirectInputEvents[sdk=iphonesimulator*]" = YES;
				"INFOPLIST_KEY_UILaunchScreen_Generation[sdk=iphoneos*]" = YES;
				"INFOPLIST_KEY_UILaunchScreen_Generation[sdk=iphonesimulator*]" = YES;
				"INFOPLIST_KEY_UIStatusBarStyle[sdk=iphoneos*]" = UIStatusBarStyleDefault;
				"INFOPLIST_KEY_UIStatusBarStyle[sdk=iphonesimulator*]" = UIStatusBarStyleDefault;
				INFOPLIST_KEY_UISupportedInterfaceOrientations_iPad = "UIInterfaceOrientationPortrait UIInterfaceOrientationPortraitUpsideDown UIInterfaceOrientationLandscapeLeft UIInterfaceOrientationLandscapeRight";
				INFOPLIST_KEY_UISupportedInterfaceOrientations_iPhone = "UIInterfaceOrientationPortrait UIInterfaceOrientationLandscapeLeft UIInterfaceOrientationLandscapeRight";
				INFOPLIST_KEY_UIUserInterfaceStyle = Dark;
				IPHONEOS_DEPLOYMENT_TARGET = 17.4;
				LD_RUNPATH_SEARCH_PATHS = "@executable_path/Frameworks";
				"LD_RUNPATH_SEARCH_PATHS[sdk=macosx*]" = "@executable_path/../Frameworks";
				MACOSX_DEPLOYMENT_TARGET = 14.4;
				MARKETING_VERSION = 0.0.1;
				PRODUCT_BUNDLE_IDENTIFIER = io.github.droidkaigi.DroidKaigi2024.Release;
				PRODUCT_NAME = "$(TARGET_NAME)";
				SDKROOT = auto;
				SUPPORTED_PLATFORMS = "iphoneos iphonesimulator";
				SUPPORTS_MACCATALYST = NO;
				SWIFT_EMIT_LOC_STRINGS = YES;
				SWIFT_VERSION = 5.0;
				TARGETED_DEVICE_FAMILY = "1,2";
			};
			name = Debug;
		};
		8C772B262BCBCBCB00F2BADC /* Release */ = {
			isa = XCBuildConfiguration;
			buildSettings = {
				ASSETCATALOG_COMPILER_APPICON_NAME = AppIcon;
				ASSETCATALOG_COMPILER_GLOBAL_ACCENT_COLOR_NAME = AccentColor;
				CODE_SIGN_ENTITLEMENTS = App.entitlements;
				CODE_SIGN_STYLE = Automatic;
				CURRENT_PROJECT_VERSION = 1;
				DEVELOPMENT_ASSET_PATHS = "\"Preview Content\"";
				DEVELOPMENT_TEAM = DFY27HWN2G;
				ENABLE_PREVIEWS = YES;
				GENERATE_INFOPLIST_FILE = YES;
				INFOPLIST_FILE = "DroidKaigi2024App-Info.plist";
				"INFOPLIST_KEY_UIApplicationSceneManifest_Generation[sdk=iphoneos*]" = YES;
				"INFOPLIST_KEY_UIApplicationSceneManifest_Generation[sdk=iphonesimulator*]" = YES;
				"INFOPLIST_KEY_UIApplicationSupportsIndirectInputEvents[sdk=iphoneos*]" = YES;
				"INFOPLIST_KEY_UIApplicationSupportsIndirectInputEvents[sdk=iphonesimulator*]" = YES;
				"INFOPLIST_KEY_UILaunchScreen_Generation[sdk=iphoneos*]" = YES;
				"INFOPLIST_KEY_UILaunchScreen_Generation[sdk=iphonesimulator*]" = YES;
				"INFOPLIST_KEY_UIStatusBarStyle[sdk=iphoneos*]" = UIStatusBarStyleDefault;
				"INFOPLIST_KEY_UIStatusBarStyle[sdk=iphonesimulator*]" = UIStatusBarStyleDefault;
				INFOPLIST_KEY_UISupportedInterfaceOrientations_iPad = "UIInterfaceOrientationPortrait UIInterfaceOrientationPortraitUpsideDown UIInterfaceOrientationLandscapeLeft UIInterfaceOrientationLandscapeRight";
				INFOPLIST_KEY_UISupportedInterfaceOrientations_iPhone = "UIInterfaceOrientationPortrait UIInterfaceOrientationLandscapeLeft UIInterfaceOrientationLandscapeRight";
				INFOPLIST_KEY_UIUserInterfaceStyle = Dark;
				IPHONEOS_DEPLOYMENT_TARGET = 17.4;
				LD_RUNPATH_SEARCH_PATHS = "@executable_path/Frameworks";
				"LD_RUNPATH_SEARCH_PATHS[sdk=macosx*]" = "@executable_path/../Frameworks";
				MACOSX_DEPLOYMENT_TARGET = 14.4;
				MARKETING_VERSION = 0.0.1;
				PRODUCT_BUNDLE_IDENTIFIER = io.github.droidkaigi.DroidKaigi2024.Release;
				PRODUCT_NAME = "$(TARGET_NAME)";
				SDKROOT = auto;
				SUPPORTED_PLATFORMS = "iphoneos iphonesimulator";
				SUPPORTS_MACCATALYST = NO;
				SWIFT_EMIT_LOC_STRINGS = YES;
				SWIFT_VERSION = 5.0;
				TARGETED_DEVICE_FAMILY = "1,2";
			};
			name = Release;
		};
/* End XCBuildConfiguration section */

/* Begin XCConfigurationList section */
		8C772B102BCBCBCA00F2BADC /* Build configuration list for PBXProject "App" */ = {
			isa = XCConfigurationList;
			buildConfigurations = (
				8C772B222BCBCBCB00F2BADC /* Debug */,
				8C772B232BCBCBCB00F2BADC /* Release */,
			);
			defaultConfigurationIsVisible = 0;
			defaultConfigurationName = Release;
		};
		8C772B242BCBCBCB00F2BADC /* Build configuration list for PBXNativeTarget "DroidKaigi2024App" */ = {
			isa = XCConfigurationList;
			buildConfigurations = (
				8C772B252BCBCBCB00F2BADC /* Debug */,
				8C772B262BCBCBCB00F2BADC /* Release */,
			);
			defaultConfigurationIsVisible = 0;
			defaultConfigurationName = Release;
		};
/* End XCConfigurationList section */

/* Begin XCSwiftPackageProductDependency section */
		8C7DACC42BCBD18A002C298A /* App */ = {
			isa = XCSwiftPackageProductDependency;
			productName = App;
		};
/* End XCSwiftPackageProductDependency section */
	};
	rootObject = 8C772B0D2BCBCBCA00F2BADC /* Project object */;
}
